// !$*UTF8*$!
{
	archiveVersion = 1;
	classes = {
	};
	objectVersion = 55;
	objects = {

/* Begin PBXBuildFile section */
		CEF42A9D285A3B040022DDEE /* SearchViewController.swift in Sources */ = {isa = PBXBuildFile; fileRef = CEF42A9C285A3B040022DDEE /* SearchViewController.swift */; };
		CEF42AA5285A3FCC0022DDEE /* SearchCollectionViewCell.xib in Resources */ = {isa = PBXBuildFile; fileRef = CEF42AA3285A3FCC0022DDEE /* SearchCollectionViewCell.xib */; };
		CEF42AA6285A3FCC0022DDEE /* SearchCollectionViewCell.swift in Sources */ = {isa = PBXBuildFile; fileRef = CEF42AA4285A3FCC0022DDEE /* SearchCollectionViewCell.swift */; };
		CEF42ADE285CB7E90022DDEE /* ResultViewController.swift in Sources */ = {isa = PBXBuildFile; fileRef = CEF42ADD285CB7E90022DDEE /* ResultViewController.swift */; };
		CEF42AE1285CDF890022DDEE /* ProfileViewController.swift in Sources */ = {isa = PBXBuildFile; fileRef = CEF42AE0285CDF890022DDEE /* ProfileViewController.swift */; };
		CEF42AE3285CDFA00022DDEE /* NotificationViewController.swift in Sources */ = {isa = PBXBuildFile; fileRef = CEF42AE2285CDFA00022DDEE /* NotificationViewController.swift */; };
		CEF42AE6285CDFF60022DDEE /* LoginViewController.swift in Sources */ = {isa = PBXBuildFile; fileRef = CEF42AE5285CDFF60022DDEE /* LoginViewController.swift */; };
		CEF42AE8285CDFFC0022DDEE /* RegisterViewController.swift in Sources */ = {isa = PBXBuildFile; fileRef = CEF42AE7285CDFFC0022DDEE /* RegisterViewController.swift */; };
		CEF42AEA285CE0230022DDEE /* PostViewController.swift in Sources */ = {isa = PBXBuildFile; fileRef = CEF42AE9285CE0230022DDEE /* PostViewController.swift */; };
		CEF42AEE285CE0600022DDEE /* SettingViewController.swift in Sources */ = {isa = PBXBuildFile; fileRef = CEF42AED285CE0600022DDEE /* SettingViewController.swift */; };
		CEF42AF0285CE0660022DDEE /* EditProfileViewController.swift in Sources */ = {isa = PBXBuildFile; fileRef = CEF42AEF285CE0660022DDEE /* EditProfileViewController.swift */; };
		CEF42AF2285CE0790022DDEE /* MessageListViewController.swift in Sources */ = {isa = PBXBuildFile; fileRef = CEF42AF1285CE0790022DDEE /* MessageListViewController.swift */; };
		FE3EC71B284F558F0075F81C /* AppDelegate.swift in Sources */ = {isa = PBXBuildFile; fileRef = FE3EC71A284F558F0075F81C /* AppDelegate.swift */; };
		FE3EC71D284F558F0075F81C /* SceneDelegate.swift in Sources */ = {isa = PBXBuildFile; fileRef = FE3EC71C284F558F0075F81C /* SceneDelegate.swift */; };
		FE3EC71F284F558F0075F81C /* MainViewController.swift in Sources */ = {isa = PBXBuildFile; fileRef = FE3EC71E284F558F0075F81C /* MainViewController.swift */; };
		FE3EC722284F558F0075F81C /* Main.storyboard in Resources */ = {isa = PBXBuildFile; fileRef = FE3EC720284F558F0075F81C /* Main.storyboard */; };
		FE3EC725284F558F0075F81C /* InstragramClone.xcdatamodeld in Sources */ = {isa = PBXBuildFile; fileRef = FE3EC723284F558F0075F81C /* InstragramClone.xcdatamodeld */; };
		FE3EC72A284F55910075F81C /* LaunchScreen.storyboard in Resources */ = {isa = PBXBuildFile; fileRef = FE3EC728284F55910075F81C /* LaunchScreen.storyboard */; };
		FE7A8832286DB5D800D94FA9 /* MessageViewController.swift in Sources */ = {isa = PBXBuildFile; fileRef = FE7A8831286DB5D800D94FA9 /* MessageViewController.swift */; };
		FE7A8834286DB70600D94FA9 /* ETCModels.swift in Sources */ = {isa = PBXBuildFile; fileRef = FE7A8833286DB70600D94FA9 /* ETCModels.swift */; };
		FE9068662860A74100697B37 /* Extensions.swift in Sources */ = {isa = PBXBuildFile; fileRef = FE9068652860A74100697B37 /* Extensions.swift */; };
		FEB8B1882859B5B50010C6ED /* Constant.swift in Sources */ = {isa = PBXBuildFile; fileRef = FEB8B1872859B5B50010C6ED /* Constant.swift */; };
		FEB8B1992859C2E30010C6ED /* StoryCell.swift in Sources */ = {isa = PBXBuildFile; fileRef = FEB8B1972859C2E30010C6ED /* StoryCell.swift */; };
		FEB8B19A2859C2E30010C6ED /* StoryCell.xib in Resources */ = {isa = PBXBuildFile; fileRef = FEB8B1982859C2E30010C6ED /* StoryCell.xib */; };
		FEB8B19F2859C35D0010C6ED /* MyCollectionViewCell.swift in Sources */ = {isa = PBXBuildFile; fileRef = FEB8B19D2859C35D0010C6ED /* MyCollectionViewCell.swift */; };
		FEB8B1A02859C35D0010C6ED /* MyCollectionViewCell.xib in Resources */ = {isa = PBXBuildFile; fileRef = FEB8B19E2859C35D0010C6ED /* MyCollectionViewCell.xib */; };
		FEB8B1A32859C7770010C6ED /* FeedCell.swift in Sources */ = {isa = PBXBuildFile; fileRef = FEB8B1A12859C7770010C6ED /* FeedCell.swift */; };
		FEB8B1A42859C7770010C6ED /* FeedCell.xib in Resources */ = {isa = PBXBuildFile; fileRef = FEB8B1A22859C7770010C6ED /* FeedCell.xib */; };
		FEB8B1A8285A04700010C6ED /* InstragramPost.swift in Sources */ = {isa = PBXBuildFile; fileRef = FEB8B1A7285A046F0010C6ED /* InstragramPost.swift */; };
		FECD9627287072D500A40160 /* ETC.storyboard in Resources */ = {isa = PBXBuildFile; fileRef = FECD9626287072D500A40160 /* ETC.storyboard */; };
		FECD962D287081B100A40160 /* MessaegListTableViewCell.swift in Sources */ = {isa = PBXBuildFile; fileRef = FECD962B287081B100A40160 /* MessaegListTableViewCell.swift */; };
		FECD962E287081B100A40160 /* MessaegListTableViewCell.xib in Resources */ = {isa = PBXBuildFile; fileRef = FECD962C287081B100A40160 /* MessaegListTableViewCell.xib */; };
		FED8C8952875AB850052C37E /* MessageTableViewCell.swift in Sources */ = {isa = PBXBuildFile; fileRef = FED8C8932875AB850052C37E /* MessageTableViewCell.swift */; };
		FED8C8962875AB850052C37E /* MessageTableViewCell.xib in Resources */ = {isa = PBXBuildFile; fileRef = FED8C8942875AB850052C37E /* MessageTableViewCell.xib */; };
		FEF03117285F272C00F6259B /* FirstViewController.swift in Sources */ = {isa = PBXBuildFile; fileRef = FEF03116285F272C00F6259B /* FirstViewController.swift */; };
		FEF95C4C285A334900D60766 /* Assets.xcassets in Resources */ = {isa = PBXBuildFile; fileRef = FEF95C4B285A334800D60766 /* Assets.xcassets */; };
/* End PBXBuildFile section */

/* Begin PBXFileReference section */
		CEF42A9C285A3B040022DDEE /* SearchViewController.swift */ = {isa = PBXFileReference; lastKnownFileType = sourcecode.swift; path = SearchViewController.swift; sourceTree = "<group>"; };
		CEF42AA3285A3FCC0022DDEE /* SearchCollectionViewCell.xib */ = {isa = PBXFileReference; fileEncoding = 4; lastKnownFileType = file.xib; path = SearchCollectionViewCell.xib; sourceTree = "<group>"; };
		CEF42AA4285A3FCC0022DDEE /* SearchCollectionViewCell.swift */ = {isa = PBXFileReference; fileEncoding = 4; lastKnownFileType = sourcecode.swift; path = SearchCollectionViewCell.swift; sourceTree = "<group>"; };
		CEF42ADD285CB7E90022DDEE /* ResultViewController.swift */ = {isa = PBXFileReference; lastKnownFileType = sourcecode.swift; path = ResultViewController.swift; sourceTree = "<group>"; };
		CEF42AE0285CDF890022DDEE /* ProfileViewController.swift */ = {isa = PBXFileReference; lastKnownFileType = sourcecode.swift; path = ProfileViewController.swift; sourceTree = "<group>"; };
		CEF42AE2285CDFA00022DDEE /* NotificationViewController.swift */ = {isa = PBXFileReference; lastKnownFileType = sourcecode.swift; path = NotificationViewController.swift; sourceTree = "<group>"; };
		CEF42AE5285CDFF60022DDEE /* LoginViewController.swift */ = {isa = PBXFileReference; lastKnownFileType = sourcecode.swift; path = LoginViewController.swift; sourceTree = "<group>"; };
		CEF42AE7285CDFFC0022DDEE /* RegisterViewController.swift */ = {isa = PBXFileReference; lastKnownFileType = sourcecode.swift; path = RegisterViewController.swift; sourceTree = "<group>"; };
		CEF42AE9285CE0230022DDEE /* PostViewController.swift */ = {isa = PBXFileReference; lastKnownFileType = sourcecode.swift; path = PostViewController.swift; sourceTree = "<group>"; };
		CEF42AED285CE0600022DDEE /* SettingViewController.swift */ = {isa = PBXFileReference; lastKnownFileType = sourcecode.swift; path = SettingViewController.swift; sourceTree = "<group>"; };
		CEF42AEF285CE0660022DDEE /* EditProfileViewController.swift */ = {isa = PBXFileReference; lastKnownFileType = sourcecode.swift; path = EditProfileViewController.swift; sourceTree = "<group>"; };
		CEF42AF1285CE0790022DDEE /* MessageListViewController.swift */ = {isa = PBXFileReference; lastKnownFileType = sourcecode.swift; path = MessageListViewController.swift; sourceTree = "<group>"; };
		FE3EC717284F558F0075F81C /* InstragramClone.app */ = {isa = PBXFileReference; explicitFileType = wrapper.application; includeInIndex = 0; path = InstragramClone.app; sourceTree = BUILT_PRODUCTS_DIR; };
		FE3EC71A284F558F0075F81C /* AppDelegate.swift */ = {isa = PBXFileReference; lastKnownFileType = sourcecode.swift; path = AppDelegate.swift; sourceTree = "<group>"; };
		FE3EC71C284F558F0075F81C /* SceneDelegate.swift */ = {isa = PBXFileReference; lastKnownFileType = sourcecode.swift; path = SceneDelegate.swift; sourceTree = "<group>"; };
		FE3EC71E284F558F0075F81C /* MainViewController.swift */ = {isa = PBXFileReference; lastKnownFileType = sourcecode.swift; path = MainViewController.swift; sourceTree = "<group>"; };
		FE3EC721284F558F0075F81C /* Base */ = {isa = PBXFileReference; lastKnownFileType = file.storyboard; name = Base; path = Base.lproj/Main.storyboard; sourceTree = "<group>"; };
		FE3EC724284F558F0075F81C /* InstragramClone.xcdatamodel */ = {isa = PBXFileReference; lastKnownFileType = wrapper.xcdatamodel; path = InstragramClone.xcdatamodel; sourceTree = "<group>"; };
		FE3EC729284F55910075F81C /* Base */ = {isa = PBXFileReference; lastKnownFileType = file.storyboard; name = Base; path = Base.lproj/LaunchScreen.storyboard; sourceTree = "<group>"; };
		FE3EC72B284F55910075F81C /* Info.plist */ = {isa = PBXFileReference; lastKnownFileType = text.plist.xml; path = Info.plist; sourceTree = "<group>"; };
		FE7A8831286DB5D800D94FA9 /* MessageViewController.swift */ = {isa = PBXFileReference; lastKnownFileType = sourcecode.swift; path = MessageViewController.swift; sourceTree = "<group>"; };
		FE7A8833286DB70600D94FA9 /* ETCModels.swift */ = {isa = PBXFileReference; lastKnownFileType = sourcecode.swift; path = ETCModels.swift; sourceTree = "<group>"; };
		FE9068652860A74100697B37 /* Extensions.swift */ = {isa = PBXFileReference; lastKnownFileType = sourcecode.swift; path = Extensions.swift; sourceTree = "<group>"; };
		FEB8B1872859B5B50010C6ED /* Constant.swift */ = {isa = PBXFileReference; lastKnownFileType = sourcecode.swift; path = Constant.swift; sourceTree = "<group>"; };
		FEB8B1972859C2E30010C6ED /* StoryCell.swift */ = {isa = PBXFileReference; lastKnownFileType = sourcecode.swift; path = StoryCell.swift; sourceTree = "<group>"; };
		FEB8B1982859C2E30010C6ED /* StoryCell.xib */ = {isa = PBXFileReference; lastKnownFileType = file.xib; path = StoryCell.xib; sourceTree = "<group>"; };
		FEB8B19D2859C35D0010C6ED /* MyCollectionViewCell.swift */ = {isa = PBXFileReference; lastKnownFileType = sourcecode.swift; path = MyCollectionViewCell.swift; sourceTree = "<group>"; };
		FEB8B19E2859C35D0010C6ED /* MyCollectionViewCell.xib */ = {isa = PBXFileReference; lastKnownFileType = file.xib; path = MyCollectionViewCell.xib; sourceTree = "<group>"; };
		FEB8B1A12859C7770010C6ED /* FeedCell.swift */ = {isa = PBXFileReference; lastKnownFileType = sourcecode.swift; path = FeedCell.swift; sourceTree = "<group>"; };
		FEB8B1A22859C7770010C6ED /* FeedCell.xib */ = {isa = PBXFileReference; lastKnownFileType = file.xib; path = FeedCell.xib; sourceTree = "<group>"; };
		FEB8B1A7285A046F0010C6ED /* InstragramPost.swift */ = {isa = PBXFileReference; lastKnownFileType = sourcecode.swift; path = InstragramPost.swift; sourceTree = "<group>"; };
		FECD9626287072D500A40160 /* ETC.storyboard */ = {isa = PBXFileReference; lastKnownFileType = file.storyboard; path = ETC.storyboard; sourceTree = "<group>"; };
		FECD962B287081B100A40160 /* MessaegListTableViewCell.swift */ = {isa = PBXFileReference; lastKnownFileType = sourcecode.swift; path = MessaegListTableViewCell.swift; sourceTree = "<group>"; };
		FECD962C287081B100A40160 /* MessaegListTableViewCell.xib */ = {isa = PBXFileReference; lastKnownFileType = file.xib; path = MessaegListTableViewCell.xib; sourceTree = "<group>"; };
		FED8C8932875AB850052C37E /* MessageTableViewCell.swift */ = {isa = PBXFileReference; lastKnownFileType = sourcecode.swift; path = MessageTableViewCell.swift; sourceTree = "<group>"; };
		FED8C8942875AB850052C37E /* MessageTableViewCell.xib */ = {isa = PBXFileReference; lastKnownFileType = file.xib; path = MessageTableViewCell.xib; sourceTree = "<group>"; };
		FEF03116285F272C00F6259B /* FirstViewController.swift */ = {isa = PBXFileReference; lastKnownFileType = sourcecode.swift; path = FirstViewController.swift; sourceTree = "<group>"; };
		FEF95C4B285A334800D60766 /* Assets.xcassets */ = {isa = PBXFileReference; lastKnownFileType = folder.assetcatalog; path = Assets.xcassets; sourceTree = "<group>"; };
/* End PBXFileReference section */

/* Begin PBXFrameworksBuildPhase section */
		FE3EC714284F558F0075F81C /* Frameworks */ = {
			isa = PBXFrameworksBuildPhase;
			buildActionMask = 2147483647;
			files = (
			);
			runOnlyForDeploymentPostprocessing = 0;
		};
/* End PBXFrameworksBuildPhase section */

/* Begin PBXGroup section */
		CEF42AA2285A3E140022DDEE /* Search */ = {
			isa = PBXGroup;
			children = (
				CEF42AA4285A3FCC0022DDEE /* SearchCollectionViewCell.swift */,
				CEF42AA3285A3FCC0022DDEE /* SearchCollectionViewCell.xib */,
			);
			path = Search;
			sourceTree = "<group>";
		};
		CEF42ADF285CDF180022DDEE /* Resources */ = {
			isa = PBXGroup;
			children = (
				FE3EC71A284F558F0075F81C /* AppDelegate.swift */,
				FE3EC71C284F558F0075F81C /* SceneDelegate.swift */,
				FE9068652860A74100697B37 /* Extensions.swift */,
			);
			path = Resources;
			sourceTree = "<group>";
		};
		CEF42AE4285CDFE60022DDEE /* LoginController */ = {
			isa = PBXGroup;
			children = (
				CEF42AE5285CDFF60022DDEE /* LoginViewController.swift */,
				CEF42AE7285CDFFC0022DDEE /* RegisterViewController.swift */,
				FEF03116285F272C00F6259B /* FirstViewController.swift */,
			);
			path = LoginController;
			sourceTree = "<group>";
		};
		CEF42AEB285CE04A0022DDEE /* CoreController */ = {
			isa = PBXGroup;
			children = (
				FE3EC71E284F558F0075F81C /* MainViewController.swift */,
				CEF42A9C285A3B040022DDEE /* SearchViewController.swift */,
				CEF42AE0285CDF890022DDEE /* ProfileViewController.swift */,
				CEF42AE2285CDFA00022DDEE /* NotificationViewController.swift */,
			);
			path = CoreController;
			sourceTree = "<group>";
		};
		CEF42AEC285CE0570022DDEE /* ETC */ = {
			isa = PBXGroup;
			children = (
				CEF42ADD285CB7E90022DDEE /* ResultViewController.swift */,
				CEF42AE9285CE0230022DDEE /* PostViewController.swift */,
				CEF42AED285CE0600022DDEE /* SettingViewController.swift */,
				CEF42AEF285CE0660022DDEE /* EditProfileViewController.swift */,
				CEF42AF1285CE0790022DDEE /* MessageListViewController.swift */,
				FE7A8831286DB5D800D94FA9 /* MessageViewController.swift */,
			);
			path = ETC;
			sourceTree = "<group>";
		};
		FE3EC70E284F558F0075F81C = {
			isa = PBXGroup;
			children = (
				FE3EC719284F558F0075F81C /* InstragramClone */,
				FE3EC718284F558F0075F81C /* Products */,
			);
			sourceTree = "<group>";
		};
		FE3EC718284F558F0075F81C /* Products */ = {
			isa = PBXGroup;
			children = (
				FE3EC717284F558F0075F81C /* InstragramClone.app */,
			);
			name = Products;
			sourceTree = "<group>";
		};
		FE3EC719284F558F0075F81C /* InstragramClone */ = {
			isa = PBXGroup;
			children = (
				CEF42ADF285CDF180022DDEE /* Resources */,
				FEB8B1872859B5B50010C6ED /* Constant.swift */,
				FEB8B1A9285A04770010C6ED /* Model */,
				FE3EC731284F55FD0075F81C /* Controller */,
				FE3EC732284F56270075F81C /* View */,
				FE3EC728284F55910075F81C /* LaunchScreen.storyboard */,
				FE3EC72B284F55910075F81C /* Info.plist */,
				FE3EC723284F558F0075F81C /* InstragramClone.xcdatamodeld */,
				FEF95C4B285A334800D60766 /* Assets.xcassets */,
			);
			path = InstragramClone;
			sourceTree = "<group>";
		};
		FE3EC731284F55FD0075F81C /* Controller */ = {
			isa = PBXGroup;
			children = (
				CEF42AE4285CDFE60022DDEE /* LoginController */,
				CEF42AEB285CE04A0022DDEE /* CoreController */,
				CEF42AEC285CE0570022DDEE /* ETC */,
			);
			path = Controller;
			sourceTree = "<group>";
		};
		FE3EC732284F56270075F81C /* View */ = {
			isa = PBXGroup;
			children = (
				FE3EC720284F558F0075F81C /* Main.storyboard */,
				FECD9626287072D500A40160 /* ETC.storyboard */,
				FECD962A2870817700A40160 /* Message */,
				FEB8B1A52859D3390010C6ED /* Story */,
				FEB8B1A62859D6800010C6ED /* Feed */,
				CEF42AA2285A3E140022DDEE /* Search */,
			);
			path = View;
			sourceTree = "<group>";
		};
		FEB8B1A52859D3390010C6ED /* Story */ = {
			isa = PBXGroup;
			children = (
				FEB8B1972859C2E30010C6ED /* StoryCell.swift */,
				FEB8B1982859C2E30010C6ED /* StoryCell.xib */,
				FEB8B19D2859C35D0010C6ED /* MyCollectionViewCell.swift */,
				FEB8B19E2859C35D0010C6ED /* MyCollectionViewCell.xib */,
			);
			path = Story;
			sourceTree = "<group>";
		};
		FEB8B1A62859D6800010C6ED /* Feed */ = {
			isa = PBXGroup;
			children = (
				FEB8B1A12859C7770010C6ED /* FeedCell.swift */,
				FEB8B1A22859C7770010C6ED /* FeedCell.xib */,
			);
			path = Feed;
			sourceTree = "<group>";
		};
		FEB8B1A9285A04770010C6ED /* Model */ = {
			isa = PBXGroup;
			children = (
				FEB8B1A7285A046F0010C6ED /* InstragramPost.swift */,
				FE7A8833286DB70600D94FA9 /* ETCModels.swift */,
			);
			path = Model;
			sourceTree = "<group>";
		};
		FECD962A2870817700A40160 /* Message */ = {
			isa = PBXGroup;
			children = (
				FECD962B287081B100A40160 /* MessaegListTableViewCell.swift */,
				FECD962C287081B100A40160 /* MessaegListTableViewCell.xib */,
				FED8C8932875AB850052C37E /* MessageTableViewCell.swift */,
				FED8C8942875AB850052C37E /* MessageTableViewCell.xib */,
			);
			path = Message;
			sourceTree = "<group>";
		};
/* End PBXGroup section */

/* Begin PBXNativeTarget section */
		FE3EC716284F558F0075F81C /* InstragramClone */ = {
			isa = PBXNativeTarget;
			buildConfigurationList = FE3EC72E284F55910075F81C /* Build configuration list for PBXNativeTarget "InstragramClone" */;
			buildPhases = (
				FE3EC713284F558F0075F81C /* Sources */,
				FE3EC714284F558F0075F81C /* Frameworks */,
				FE3EC715284F558F0075F81C /* Resources */,
			);
			buildRules = (
			);
			dependencies = (
			);
			name = InstragramClone;
			productName = InstragramClone;
			productReference = FE3EC717284F558F0075F81C /* InstragramClone.app */;
			productType = "com.apple.product-type.application";
		};
/* End PBXNativeTarget section */

/* Begin PBXProject section */
		FE3EC70F284F558F0075F81C /* Project object */ = {
			isa = PBXProject;
			attributes = {
				BuildIndependentTargetsInParallel = 1;
				LastSwiftUpdateCheck = 1310;
				LastUpgradeCheck = 1310;
				TargetAttributes = {
					FE3EC716284F558F0075F81C = {
						CreatedOnToolsVersion = 13.1;
					};
				};
			};
			buildConfigurationList = FE3EC712284F558F0075F81C /* Build configuration list for PBXProject "InstragramClone" */;
			compatibilityVersion = "Xcode 13.0";
			developmentRegion = en;
			hasScannedForEncodings = 0;
			knownRegions = (
				en,
				Base,
			);
			mainGroup = FE3EC70E284F558F0075F81C;
			productRefGroup = FE3EC718284F558F0075F81C /* Products */;
			projectDirPath = "";
			projectRoot = "";
			targets = (
				FE3EC716284F558F0075F81C /* InstragramClone */,
			);
		};
/* End PBXProject section */

/* Begin PBXResourcesBuildPhase section */
		FE3EC715284F558F0075F81C /* Resources */ = {
			isa = PBXResourcesBuildPhase;
			buildActionMask = 2147483647;
			files = (
				CEF42AA5285A3FCC0022DDEE /* SearchCollectionViewCell.xib in Resources */,
				FECD9627287072D500A40160 /* ETC.storyboard in Resources */,
				FEB8B1A02859C35D0010C6ED /* MyCollectionViewCell.xib in Resources */,
				FE3EC72A284F55910075F81C /* LaunchScreen.storyboard in Resources */,
				FECD962E287081B100A40160 /* MessaegListTableViewCell.xib in Resources */,
				FEB8B1A42859C7770010C6ED /* FeedCell.xib in Resources */,
				FEB8B19A2859C2E30010C6ED /* StoryCell.xib in Resources */,
				FED8C8962875AB850052C37E /* MessageTableViewCell.xib in Resources */,
				FEF95C4C285A334900D60766 /* Assets.xcassets in Resources */,
				FE3EC722284F558F0075F81C /* Main.storyboard in Resources */,
			);
			runOnlyForDeploymentPostprocessing = 0;
		};
/* End PBXResourcesBuildPhase section */

/* Begin PBXSourcesBuildPhase section */
		FE3EC713284F558F0075F81C /* Sources */ = {
			isa = PBXSourcesBuildPhase;
			buildActionMask = 2147483647;
			files = (
				CEF42A9D285A3B040022DDEE /* SearchViewController.swift in Sources */,
				FE3EC71F284F558F0075F81C /* MainViewController.swift in Sources */,
				CEF42AA6285A3FCC0022DDEE /* SearchCollectionViewCell.swift in Sources */,
				CEF42AEA285CE0230022DDEE /* PostViewController.swift in Sources */,
				CEF42AE6285CDFF60022DDEE /* LoginViewController.swift in Sources */,
				CEF42AEE285CE0600022DDEE /* SettingViewController.swift in Sources */,
				FEF03117285F272C00F6259B /* FirstViewController.swift in Sources */,
				FED8C8952875AB850052C37E /* MessageTableViewCell.swift in Sources */,
				FEB8B19F2859C35D0010C6ED /* MyCollectionViewCell.swift in Sources */,
				CEF42AF0285CE0660022DDEE /* EditProfileViewController.swift in Sources */,
				FE9068662860A74100697B37 /* Extensions.swift in Sources */,
				FE7A8834286DB70600D94FA9 /* ETCModels.swift in Sources */,
				FEB8B1A8285A04700010C6ED /* InstragramPost.swift in Sources */,
				FE3EC725284F558F0075F81C /* InstragramClone.xcdatamodeld in Sources */,
				FEB8B1882859B5B50010C6ED /* Constant.swift in Sources */,
				FEB8B1992859C2E30010C6ED /* StoryCell.swift in Sources */,
				FEB8B1A32859C7770010C6ED /* FeedCell.swift in Sources */,
				FE3EC71B284F558F0075F81C /* AppDelegate.swift in Sources */,
				FE7A8832286DB5D800D94FA9 /* MessageViewController.swift in Sources */,
				CEF42AE8285CDFFC0022DDEE /* RegisterViewController.swift in Sources */,
				FECD962D287081B100A40160 /* MessaegListTableViewCell.swift in Sources */,
				CEF42AE3285CDFA00022DDEE /* NotificationViewController.swift in Sources */,
				CEF42AE1285CDF890022DDEE /* ProfileViewController.swift in Sources */,
				FE3EC71D284F558F0075F81C /* SceneDelegate.swift in Sources */,
				CEF42AF2285CE0790022DDEE /* MessageListViewController.swift in Sources */,
				CEF42ADE285CB7E90022DDEE /* ResultViewController.swift in Sources */,
			);
			runOnlyForDeploymentPostprocessing = 0;
		};
/* End PBXSourcesBuildPhase section */

/* Begin PBXVariantGroup section */
		FE3EC720284F558F0075F81C /* Main.storyboard */ = {
			isa = PBXVariantGroup;
			children = (
				FE3EC721284F558F0075F81C /* Base */,
			);
			name = Main.storyboard;
			sourceTree = "<group>";
		};
		FE3EC728284F55910075F81C /* LaunchScreen.storyboard */ = {
			isa = PBXVariantGroup;
			children = (
				FE3EC729284F55910075F81C /* Base */,
			);
			name = LaunchScreen.storyboard;
			sourceTree = "<group>";
		};
/* End PBXVariantGroup section */

/* Begin XCBuildConfiguration section */
		FE3EC72C284F55910075F81C /* Debug */ = {
			isa = XCBuildConfiguration;
			buildSettings = {
				ALWAYS_SEARCH_USER_PATHS = NO;
				CLANG_ANALYZER_NONNULL = YES;
				CLANG_ANALYZER_NUMBER_OBJECT_CONVERSION = YES_AGGRESSIVE;
				CLANG_CXX_LANGUAGE_STANDARD = "gnu++17";
				CLANG_CXX_LIBRARY = "libc++";
				CLANG_ENABLE_MODULES = YES;
				CLANG_ENABLE_OBJC_ARC = YES;
				CLANG_ENABLE_OBJC_WEAK = YES;
				CLANG_WARN_BLOCK_CAPTURE_AUTORELEASING = YES;
				CLANG_WARN_BOOL_CONVERSION = YES;
				CLANG_WARN_COMMA = YES;
				CLANG_WARN_CONSTANT_CONVERSION = YES;
				CLANG_WARN_DEPRECATED_OBJC_IMPLEMENTATIONS = YES;
				CLANG_WARN_DIRECT_OBJC_ISA_USAGE = YES_ERROR;
				CLANG_WARN_DOCUMENTATION_COMMENTS = YES;
				CLANG_WARN_EMPTY_BODY = YES;
				CLANG_WARN_ENUM_CONVERSION = YES;
				CLANG_WARN_INFINITE_RECURSION = YES;
				CLANG_WARN_INT_CONVERSION = YES;
				CLANG_WARN_NON_LITERAL_NULL_CONVERSION = YES;
				CLANG_WARN_OBJC_IMPLICIT_RETAIN_SELF = YES;
				CLANG_WARN_OBJC_LITERAL_CONVERSION = YES;
				CLANG_WARN_OBJC_ROOT_CLASS = YES_ERROR;
				CLANG_WARN_QUOTED_INCLUDE_IN_FRAMEWORK_HEADER = YES;
				CLANG_WARN_RANGE_LOOP_ANALYSIS = YES;
				CLANG_WARN_STRICT_PROTOTYPES = YES;
				CLANG_WARN_SUSPICIOUS_MOVE = YES;
				CLANG_WARN_UNGUARDED_AVAILABILITY = YES_AGGRESSIVE;
				CLANG_WARN_UNREACHABLE_CODE = YES;
				CLANG_WARN__DUPLICATE_METHOD_MATCH = YES;
				COPY_PHASE_STRIP = NO;
				DEBUG_INFORMATION_FORMAT = dwarf;
				ENABLE_STRICT_OBJC_MSGSEND = YES;
				ENABLE_TESTABILITY = YES;
				GCC_C_LANGUAGE_STANDARD = gnu11;
				GCC_DYNAMIC_NO_PIC = NO;
				GCC_NO_COMMON_BLOCKS = YES;
				GCC_OPTIMIZATION_LEVEL = 0;
				GCC_PREPROCESSOR_DEFINITIONS = (
					"DEBUG=1",
					"$(inherited)",
				);
				GCC_WARN_64_TO_32_BIT_CONVERSION = YES;
				GCC_WARN_ABOUT_RETURN_TYPE = YES_ERROR;
				GCC_WARN_UNDECLARED_SELECTOR = YES;
				GCC_WARN_UNINITIALIZED_AUTOS = YES_AGGRESSIVE;
				GCC_WARN_UNUSED_FUNCTION = YES;
				GCC_WARN_UNUSED_VARIABLE = YES;
				IPHONEOS_DEPLOYMENT_TARGET = 15.0;
				MTL_ENABLE_DEBUG_INFO = INCLUDE_SOURCE;
				MTL_FAST_MATH = YES;
				ONLY_ACTIVE_ARCH = YES;
				SDKROOT = iphoneos;
				SWIFT_ACTIVE_COMPILATION_CONDITIONS = DEBUG;
				SWIFT_OPTIMIZATION_LEVEL = "-Onone";
			};
			name = Debug;
		};
		FE3EC72D284F55910075F81C /* Release */ = {
			isa = XCBuildConfiguration;
			buildSettings = {
				ALWAYS_SEARCH_USER_PATHS = NO;
				CLANG_ANALYZER_NONNULL = YES;
				CLANG_ANALYZER_NUMBER_OBJECT_CONVERSION = YES_AGGRESSIVE;
				CLANG_CXX_LANGUAGE_STANDARD = "gnu++17";
				CLANG_CXX_LIBRARY = "libc++";
				CLANG_ENABLE_MODULES = YES;
				CLANG_ENABLE_OBJC_ARC = YES;
				CLANG_ENABLE_OBJC_WEAK = YES;
				CLANG_WARN_BLOCK_CAPTURE_AUTORELEASING = YES;
				CLANG_WARN_BOOL_CONVERSION = YES;
				CLANG_WARN_COMMA = YES;
				CLANG_WARN_CONSTANT_CONVERSION = YES;
				CLANG_WARN_DEPRECATED_OBJC_IMPLEMENTATIONS = YES;
				CLANG_WARN_DIRECT_OBJC_ISA_USAGE = YES_ERROR;
				CLANG_WARN_DOCUMENTATION_COMMENTS = YES;
				CLANG_WARN_EMPTY_BODY = YES;
				CLANG_WARN_ENUM_CONVERSION = YES;
				CLANG_WARN_INFINITE_RECURSION = YES;
				CLANG_WARN_INT_CONVERSION = YES;
				CLANG_WARN_NON_LITERAL_NULL_CONVERSION = YES;
				CLANG_WARN_OBJC_IMPLICIT_RETAIN_SELF = YES;
				CLANG_WARN_OBJC_LITERAL_CONVERSION = YES;
				CLANG_WARN_OBJC_ROOT_CLASS = YES_ERROR;
				CLANG_WARN_QUOTED_INCLUDE_IN_FRAMEWORK_HEADER = YES;
				CLANG_WARN_RANGE_LOOP_ANALYSIS = YES;
				CLANG_WARN_STRICT_PROTOTYPES = YES;
				CLANG_WARN_SUSPICIOUS_MOVE = YES;
				CLANG_WARN_UNGUARDED_AVAILABILITY = YES_AGGRESSIVE;
				CLANG_WARN_UNREACHABLE_CODE = YES;
				CLANG_WARN__DUPLICATE_METHOD_MATCH = YES;
				COPY_PHASE_STRIP = NO;
				DEBUG_INFORMATION_FORMAT = "dwarf-with-dsym";
				ENABLE_NS_ASSERTIONS = NO;
				ENABLE_STRICT_OBJC_MSGSEND = YES;
				GCC_C_LANGUAGE_STANDARD = gnu11;
				GCC_NO_COMMON_BLOCKS = YES;
				GCC_WARN_64_TO_32_BIT_CONVERSION = YES;
				GCC_WARN_ABOUT_RETURN_TYPE = YES_ERROR;
				GCC_WARN_UNDECLARED_SELECTOR = YES;
				GCC_WARN_UNINITIALIZED_AUTOS = YES_AGGRESSIVE;
				GCC_WARN_UNUSED_FUNCTION = YES;
				GCC_WARN_UNUSED_VARIABLE = YES;
				IPHONEOS_DEPLOYMENT_TARGET = 15.0;
				MTL_ENABLE_DEBUG_INFO = NO;
				MTL_FAST_MATH = YES;
				SDKROOT = iphoneos;
				SWIFT_COMPILATION_MODE = wholemodule;
				SWIFT_OPTIMIZATION_LEVEL = "-O";
				VALIDATE_PRODUCT = YES;
			};
			name = Release;
		};
		FE3EC72F284F55910075F81C /* Debug */ = {
			isa = XCBuildConfiguration;
			buildSettings = {
				ASSETCATALOG_COMPILER_APPICON_NAME = AppIcon;
				ASSETCATALOG_COMPILER_GLOBAL_ACCENT_COLOR_NAME = AccentColor;
				CODE_SIGN_STYLE = Automatic;
				CURRENT_PROJECT_VERSION = 1;
				GENERATE_INFOPLIST_FILE = YES;
				INFOPLIST_FILE = InstragramClone/Info.plist;
				INFOPLIST_KEY_UIApplicationSupportsIndirectInputEvents = YES;
				INFOPLIST_KEY_UILaunchStoryboardName = LaunchScreen;
				INFOPLIST_KEY_UIMainStoryboardFile = Main;
				INFOPLIST_KEY_UISupportedInterfaceOrientations_iPad = "UIInterfaceOrientationPortrait UIInterfaceOrientationPortraitUpsideDown UIInterfaceOrientationLandscapeLeft UIInterfaceOrientationLandscapeRight";
				INFOPLIST_KEY_UISupportedInterfaceOrientations_iPhone = "UIInterfaceOrientationPortrait UIInterfaceOrientationLandscapeLeft UIInterfaceOrientationLandscapeRight";
				LD_RUNPATH_SEARCH_PATHS = (
					"$(inherited)",
					"@executable_path/Frameworks",
				);
				MARKETING_VERSION = 1.0;
				PRODUCT_BUNDLE_IDENTIFIER = com.jung.InstragramClone;
				PRODUCT_NAME = "$(TARGET_NAME)";
				SWIFT_EMIT_LOC_STRINGS = YES;
				SWIFT_VERSION = 5.0;
				TARGETED_DEVICE_FAMILY = "1,2";
			};
			name = Debug;
		};
		FE3EC730284F55910075F81C /* Release */ = {
			isa = XCBuildConfiguration;
			buildSettings = {
				ASSETCATALOG_COMPILER_APPICON_NAME = AppIcon;
				ASSETCATALOG_COMPILER_GLOBAL_ACCENT_COLOR_NAME = AccentColor;
				CODE_SIGN_STYLE = Automatic;
				CURRENT_PROJECT_VERSION = 1;
				GENERATE_INFOPLIST_FILE = YES;
				INFOPLIST_FILE = InstragramClone/Info.plist;
				INFOPLIST_KEY_UIApplicationSupportsIndirectInputEvents = YES;
				INFOPLIST_KEY_UILaunchStoryboardName = LaunchScreen;
				INFOPLIST_KEY_UIMainStoryboardFile = Main;
				INFOPLIST_KEY_UISupportedInterfaceOrientations_iPad = "UIInterfaceOrientationPortrait UIInterfaceOrientationPortraitUpsideDown UIInterfaceOrientationLandscapeLeft UIInterfaceOrientationLandscapeRight";
				INFOPLIST_KEY_UISupportedInterfaceOrientations_iPhone = "UIInterfaceOrientationPortrait UIInterfaceOrientationLandscapeLeft UIInterfaceOrientationLandscapeRight";
				LD_RUNPATH_SEARCH_PATHS = (
					"$(inherited)",
					"@executable_path/Frameworks",
				);
				MARKETING_VERSION = 1.0;
				PRODUCT_BUNDLE_IDENTIFIER = com.jung.InstragramClone;
				PRODUCT_NAME = "$(TARGET_NAME)";
				SWIFT_EMIT_LOC_STRINGS = YES;
				SWIFT_VERSION = 5.0;
				TARGETED_DEVICE_FAMILY = "1,2";
			};
			name = Release;
		};
/* End XCBuildConfiguration section */

/* Begin XCConfigurationList section */
		FE3EC712284F558F0075F81C /* Build configuration list for PBXProject "InstragramClone" */ = {
			isa = XCConfigurationList;
			buildConfigurations = (
				FE3EC72C284F55910075F81C /* Debug */,
				FE3EC72D284F55910075F81C /* Release */,
			);
			defaultConfigurationIsVisible = 0;
			defaultConfigurationName = Release;
		};
		FE3EC72E284F55910075F81C /* Build configuration list for PBXNativeTarget "InstragramClone" */ = {
			isa = XCConfigurationList;
			buildConfigurations = (
				FE3EC72F284F55910075F81C /* Debug */,
				FE3EC730284F55910075F81C /* Release */,
			);
			defaultConfigurationIsVisible = 0;
			defaultConfigurationName = Release;
		};
/* End XCConfigurationList section */

/* Begin XCVersionGroup section */
		FE3EC723284F558F0075F81C /* InstragramClone.xcdatamodeld */ = {
			isa = XCVersionGroup;
			children = (
				FE3EC724284F558F0075F81C /* InstragramClone.xcdatamodel */,
			);
			currentVersion = FE3EC724284F558F0075F81C /* InstragramClone.xcdatamodel */;
			path = InstragramClone.xcdatamodeld;
			sourceTree = "<group>";
			versionGroupType = wrapper.xcdatamodel;
		};
/* End XCVersionGroup section */
	};
	rootObject = FE3EC70F284F558F0075F81C /* Project object */;
}
